{
  "name": "client-list",
  "version": "0.0.3",
  "lockfileVersion": 3,
  "requires": true,
  "packages": {
    "": {
      "name": "client-list",
      "version": "0.0.3",
      "dependencies": {
        "@elastic/datemath": "^5.0.3",
        "@elastic/eui": "34.6.0",
        "buffer": "^6.0.3",
        "classnames": "^2.3.1",
        "json-bigint": "^1.0.0",
        "lodash": "^4.17.21",
        "react": "^17.0.2",
        "react-dom": "^17.0.2",
        "redisinsight-plugin-sdk": "^1.1.0"
      },
      "devDependencies": {
        "vite": "file:../node_modules/vite"
      }
    },
    "../node_modules/vite": {
      "dev": true
    },
    "node_modules/@babel/runtime": {
      "version": "7.21.0",
      "license": "MIT",
      "dependencies": {
        "regenerator-runtime": "^0.13.11"
      },
      "engines": {
        "node": ">=6.9.0"
      }
    },
    "node_modules/@elastic/datemath": {
      "version": "5.0.3",
      "license": "Apache-2.0",
      "dependencies": {
        "tslib": "^1.9.3"
      },
      "peerDependencies": {
        "moment": "^2.24.0"
      }
    },
    "node_modules/@elastic/datemath/node_modules/tslib": {
      "version": "1.14.1",
      "license": "0BSD"
    },
    "node_modules/@elastic/eui": {
      "version": "34.6.0",
      "hasInstallScript": true,
      "license": "Apache-2.0",
      "dependencies": {
        "@types/chroma-js": "^2.0.0",
        "@types/lodash": "^4.14.160",
        "@types/numeral": "^0.0.28",
        "@types/react-beautiful-dnd": "^13.0.0",
        "@types/react-input-autosize": "^2.2.0",
        "@types/react-virtualized-auto-sizer": "^1.0.0",
        "@types/react-window": "^1.8.2",
        "@types/refractor": "^3.0.0",
        "@types/resize-observer-browser": "^0.1.5",
        "@types/vfile-message": "^2.0.0",
        "chroma-js": "^2.1.0",
        "classnames": "^2.2.6",
        "lodash": "^4.17.21",
        "mdast-util-to-hast": "^10.0.0",
        "numeral": "^2.0.6",
        "prop-types": "^15.6.0",
        "react-ace": "^7.0.5",
        "react-beautiful-dnd": "^13.0.0",
        "react-dropzone": "^11.2.0",
        "react-focus-on": "^3.5.0",
        "react-input-autosize": "^2.2.2",
        "react-is": "~16.3.0",
        "react-virtualized-auto-sizer": "^1.0.2",
        "react-window": "^1.8.5",
        "refractor": "^3.4.0",
        "rehype-raw": "^5.0.0",
        "rehype-react": "^6.0.0",
        "rehype-stringify": "^8.0.0",
        "remark-emoji": "^2.1.0",
        "remark-parse": "^8.0.3",
        "remark-rehype": "^8.0.0",
        "tabbable": "^3.0.0",
        "text-diff": "^1.0.1",
        "unified": "^9.2.0",
        "unist-util-visit": "^2.0.3",
        "url-parse": "^1.5.0",
        "uuid": "^8.3.0",
        "vfile": "^4.2.0"
      },
      "peerDependencies": {
        "@elastic/datemath": "^5.0.2",
        "@types/react": "^16.9.34",
        "@types/react-dom": "^16.9.6",
        "moment": "^2.13.0",
        "prop-types": "^15.5.0",
        "react": "^16.12",
        "react-dom": "^16.12",
        "typescript": "^4.0.5"
      }
    },
    "node_modules/@elastic/eui/node_modules/react-is": {
      "version": "16.3.2",
      "license": "MIT"
    },
    "node_modules/@mapbox/hast-util-table-cell-style": {
      "version": "0.2.0",
      "license": "BSD-2-Clause",
      "dependencies": {
        "unist-util-visit": "^1.4.1"
      },
      "engines": {
        "node": ">=12"
      }
    },
    "node_modules/@mapbox/hast-util-table-cell-style/node_modules/unist-util-is": {
      "version": "3.0.0",
      "license": "MIT"
    },
    "node_modules/@mapbox/hast-util-table-cell-style/node_modules/unist-util-visit": {
      "version": "1.4.1",
      "license": "MIT",
      "dependencies": {
        "unist-util-visit-parents": "^2.0.0"
      }
    },
    "node_modules/@mapbox/hast-util-table-cell-style/node_modules/unist-util-visit-parents": {
      "version": "2.1.2",
      "license": "MIT",
      "dependencies": {
        "unist-util-is": "^3.0.0"
      }
    },
    "node_modules/@types/chroma-js": {
      "version": "2.4.0",
      "license": "MIT"
    },
    "node_modules/@types/hast": {
      "version": "2.3.4",
      "license": "MIT",
      "dependencies": {
        "@types/unist": "*"
      }
    },
    "node_modules/@types/hoist-non-react-statics": {
      "version": "3.3.1",
      "license": "MIT",
      "dependencies": {
        "@types/react": "*",
        "hoist-non-react-statics": "^3.3.0"
      }
    },
    "node_modules/@types/hoist-non-react-statics/node_modules/@types/react": {
      "version": "18.2.0",
      "license": "MIT",
      "dependencies": {
        "@types/prop-types": "*",
        "@types/scheduler": "*",
        "csstype": "^3.0.2"
      }
    },
    "node_modules/@types/lodash": {
      "version": "4.14.194",
      "license": "MIT"
    },
    "node_modules/@types/mdast": {
      "version": "3.0.11",
      "license": "MIT",
      "dependencies": {
        "@types/unist": "*"
      }
    },
    "node_modules/@types/numeral": {
      "version": "0.0.28",
      "license": "MIT"
    },
    "node_modules/@types/parse5": {
      "version": "5.0.3",
      "license": "MIT"
    },
    "node_modules/@types/prismjs": {
      "version": "1.26.0",
      "license": "MIT"
    },
    "node_modules/@types/prop-types": {
      "version": "15.7.5",
      "license": "MIT"
    },
    "node_modules/@types/react-beautiful-dnd": {
      "version": "13.1.4",
      "license": "MIT",
      "dependencies": {
        "@types/react": "*"
      }
    },
    "node_modules/@types/react-beautiful-dnd/node_modules/@types/react": {
      "version": "18.2.0",
      "license": "MIT",
      "dependencies": {
        "@types/prop-types": "*",
        "@types/scheduler": "*",
        "csstype": "^3.0.2"
      }
    },
    "node_modules/@types/react-input-autosize": {
      "version": "2.2.1",
      "license": "MIT",
      "dependencies": {
        "@types/react": "*"
      }
    },
    "node_modules/@types/react-input-autosize/node_modules/@types/react": {
      "version": "18.2.0",
      "license": "MIT",
      "dependencies": {
        "@types/prop-types": "*",
        "@types/scheduler": "*",
        "csstype": "^3.0.2"
      }
    },
    "node_modules/@types/react-redux": {
      "version": "7.1.25",
      "license": "MIT",
      "dependencies": {
        "@types/hoist-non-react-statics": "^3.3.0",
        "@types/react": "*",
        "hoist-non-react-statics": "^3.3.0",
        "redux": "^4.0.0"
      }
    },
    "node_modules/@types/react-redux/node_modules/@types/react": {
      "version": "18.2.0",
      "license": "MIT",
      "dependencies": {
        "@types/prop-types": "*",
        "@types/scheduler": "*",
        "csstype": "^3.0.2"
      }
    },
    "node_modules/@types/react-virtualized-auto-sizer": {
      "version": "1.0.1",
      "license": "MIT",
      "dependencies": {
        "@types/react": "*"
      }
    },
    "node_modules/@types/react-virtualized-auto-sizer/node_modules/@types/react": {
      "version": "18.2.0",
      "license": "MIT",
      "dependencies": {
        "@types/prop-types": "*",
        "@types/scheduler": "*",
        "csstype": "^3.0.2"
      }
    },
    "node_modules/@types/react-window": {
      "version": "1.8.5",
      "license": "MIT",
      "dependencies": {
        "@types/react": "*"
      }
    },
    "node_modules/@types/react-window/node_modules/@types/react": {
      "version": "18.2.0",
      "license": "MIT",
      "dependencies": {
        "@types/prop-types": "*",
        "@types/scheduler": "*",
        "csstype": "^3.0.2"
      }
    },
    "node_modules/@types/refractor": {
      "version": "3.0.2",
      "license": "MIT",
      "dependencies": {
        "@types/prismjs": "*"
      }
    },
    "node_modules/@types/resize-observer-browser": {
      "version": "0.1.7",
      "license": "MIT"
    },
    "node_modules/@types/scheduler": {
      "version": "0.16.3",
      "license": "MIT"
    },
    "node_modules/@types/unist": {
      "version": "2.0.6",
      "license": "MIT"
    },
    "node_modules/@types/vfile-message": {
      "version": "2.0.0",
      "license": "MIT",
      "dependencies": {
        "vfile-message": "*"
      }
    },
    "node_modules/aria-hidden": {
      "version": "1.2.3",
      "license": "MIT",
      "dependencies": {
        "tslib": "^2.0.0"
      },
      "engines": {
        "node": ">=10"
      }
    },
    "node_modules/attr-accept": {
      "version": "2.2.2",
      "license": "MIT",
      "engines": {
        "node": ">=4"
      }
    },
    "node_modules/bail": {
      "version": "1.0.5",
      "license": "MIT",
      "funding": {
        "type": "github",
        "url": "https://github.com/sponsors/wooorm"
      }
    },
    "node_modules/base64-js": {
      "version": "1.5.1",
      "funding": [
        {
          "type": "github",
          "url": "https://github.com/sponsors/feross"
        },
        {
          "type": "patreon",
          "url": "https://www.patreon.com/feross"
        },
        {
          "type": "consulting",
          "url": "https://feross.org/support"
        }
      ],
      "license": "MIT"
    },
    "node_modules/bignumber.js": {
      "version": "9.1.1",
      "license": "MIT",
      "engines": {
        "node": "*"
      }
    },
    "node_modules/brace": {
      "version": "0.11.1",
      "license": "MIT"
    },
    "node_modules/buffer": {
      "version": "6.0.3",
      "funding": [
        {
          "type": "github",
          "url": "https://github.com/sponsors/feross"
        },
        {
          "type": "patreon",
          "url": "https://www.patreon.com/feross"
        },
        {
          "type": "consulting",
          "url": "https://feross.org/support"
        }
      ],
      "license": "MIT",
      "dependencies": {
        "base64-js": "^1.3.1",
        "ieee754": "^1.2.1"
      }
    },
    "node_modules/ccount": {
      "version": "1.1.0",
      "license": "MIT",
      "funding": {
        "type": "github",
        "url": "https://github.com/sponsors/wooorm"
      }
    },
    "node_modules/character-entities": {
      "version": "1.2.4",
      "license": "MIT",
      "funding": {
        "type": "github",
        "url": "https://github.com/sponsors/wooorm"
      }
    },
    "node_modules/character-entities-html4": {
      "version": "1.1.4",
      "license": "MIT",
      "funding": {
        "type": "github",
        "url": "https://github.com/sponsors/wooorm"
      }
    },
    "node_modules/character-entities-legacy": {
      "version": "1.1.4",
      "license": "MIT",
      "funding": {
        "type": "github",
        "url": "https://github.com/sponsors/wooorm"
      }
    },
    "node_modules/character-reference-invalid": {
      "version": "1.1.4",
      "license": "MIT",
      "funding": {
        "type": "github",
        "url": "https://github.com/sponsors/wooorm"
      }
    },
    "node_modules/chroma-js": {
      "version": "2.4.2",
      "license": "(BSD-3-Clause AND Apache-2.0)"
    },
    "node_modules/classnames": {
      "version": "2.3.2",
      "license": "MIT"
    },
    "node_modules/collapse-white-space": {
      "version": "1.0.6",
      "license": "MIT",
      "funding": {
        "type": "github",
        "url": "https://github.com/sponsors/wooorm"
      }
    },
    "node_modules/comma-separated-tokens": {
      "version": "1.0.8",
      "license": "MIT",
      "funding": {
        "type": "github",
        "url": "https://github.com/sponsors/wooorm"
      }
    },
    "node_modules/css-box-model": {
      "version": "1.2.1",
      "license": "MIT",
      "dependencies": {
        "tiny-invariant": "^1.0.6"
      }
    },
    "node_modules/csstype": {
      "version": "3.1.2",
      "license": "MIT"
    },
    "node_modules/detect-node-es": {
      "version": "1.1.0",
      "license": "MIT"
    },
    "node_modules/diff-match-patch": {
      "version": "1.0.5",
      "license": "Apache-2.0"
    },
    "node_modules/emoticon": {
      "version": "3.2.0",
      "license": "MIT",
      "funding": {
        "type": "github",
        "url": "https://github.com/sponsors/wooorm"
      }
    },
    "node_modules/extend": {
      "version": "3.0.2",
      "license": "MIT"
    },
    "node_modules/file-selector": {
      "version": "0.4.0",
      "license": "MIT",
      "dependencies": {
        "tslib": "^2.0.3"
      },
      "engines": {
        "node": ">= 10"
      }
    },
    "node_modules/focus-lock": {
      "version": "0.11.6",
      "license": "MIT",
      "dependencies": {
        "tslib": "^2.0.3"
      },
      "engines": {
        "node": ">=10"
      }
    },
    "node_modules/get-nonce": {
      "version": "1.0.1",
      "license": "MIT",
      "engines": {
        "node": ">=6"
      }
    },
    "node_modules/hast-to-hyperscript": {
      "version": "9.0.1",
      "license": "MIT",
      "dependencies": {
        "@types/unist": "^2.0.3",
        "comma-separated-tokens": "^1.0.0",
        "property-information": "^5.3.0",
        "space-separated-tokens": "^1.0.0",
        "style-to-object": "^0.3.0",
        "unist-util-is": "^4.0.0",
        "web-namespaces": "^1.0.0"
      },
      "funding": {
        "type": "opencollective",
        "url": "https://opencollective.com/unified"
      }
    },
    "node_modules/hast-util-from-parse5": {
      "version": "6.0.1",
      "license": "MIT",
      "dependencies": {
        "@types/parse5": "^5.0.0",
        "hastscript": "^6.0.0",
        "property-information": "^5.0.0",
        "vfile": "^4.0.0",
        "vfile-location": "^3.2.0",
        "web-namespaces": "^1.0.0"
      },
      "funding": {
        "type": "opencollective",
        "url": "https://opencollective.com/unified"
      }
    },
    "node_modules/hast-util-is-element": {
      "version": "1.1.0",
      "license": "MIT",
      "funding": {
        "type": "opencollective",
        "url": "https://opencollective.com/unified"
      }
    },
    "node_modules/hast-util-parse-selector": {
      "version": "2.2.5",
      "license": "MIT",
      "funding": {
        "type": "opencollective",
        "url": "https://opencollective.com/unified"
      }
    },
    "node_modules/hast-util-raw": {
      "version": "6.1.0",
      "license": "MIT",
      "dependencies": {
        "@types/hast": "^2.0.0",
        "hast-util-from-parse5": "^6.0.0",
        "hast-util-to-parse5": "^6.0.0",
        "html-void-elements": "^1.0.0",
        "parse5": "^6.0.0",
        "unist-util-position": "^3.0.0",
        "unist-util-visit": "^2.0.0",
        "vfile": "^4.0.0",
        "web-namespaces": "^1.0.0",
        "xtend": "^4.0.0",
        "zwitch": "^1.0.0"
      },
      "funding": {
        "type": "opencollective",
        "url": "https://opencollective.com/unified"
      }
    },
    "node_modules/hast-util-to-html": {
      "version": "7.1.3",
      "license": "MIT",
      "dependencies": {
        "ccount": "^1.0.0",
        "comma-separated-tokens": "^1.0.0",
        "hast-util-is-element": "^1.0.0",
        "hast-util-whitespace": "^1.0.0",
        "html-void-elements": "^1.0.0",
        "property-information": "^5.0.0",
        "space-separated-tokens": "^1.0.0",
        "stringify-entities": "^3.0.1",
        "unist-util-is": "^4.0.0",
        "xtend": "^4.0.0"
      },
      "funding": {
        "type": "opencollective",
        "url": "https://opencollective.com/unified"
      }
    },
    "node_modules/hast-util-to-parse5": {
      "version": "6.0.0",
      "license": "MIT",
      "dependencies": {
        "hast-to-hyperscript": "^9.0.0",
        "property-information": "^5.0.0",
        "web-namespaces": "^1.0.0",
        "xtend": "^4.0.0",
        "zwitch": "^1.0.0"
      },
      "funding": {
        "type": "opencollective",
        "url": "https://opencollective.com/unified"
      }
    },
    "node_modules/hast-util-whitespace": {
      "version": "1.0.4",
      "license": "MIT",
      "funding": {
        "type": "opencollective",
        "url": "https://opencollective.com/unified"
      }
    },
    "node_modules/hastscript": {
      "version": "6.0.0",
      "license": "MIT",
      "dependencies": {
        "@types/hast": "^2.0.0",
        "comma-separated-tokens": "^1.0.0",
        "hast-util-parse-selector": "^2.0.0",
        "property-information": "^5.0.0",
        "space-separated-tokens": "^1.0.0"
      },
      "funding": {
        "type": "opencollective",
        "url": "https://opencollective.com/unified"
      }
    },
    "node_modules/hoist-non-react-statics": {
      "version": "3.3.2",
      "license": "BSD-3-Clause",
      "dependencies": {
        "react-is": "^16.7.0"
      }
    },
    "node_modules/html-void-elements": {
      "version": "1.0.5",
      "license": "MIT",
      "funding": {
        "type": "github",
        "url": "https://github.com/sponsors/wooorm"
      }
    },
    "node_modules/ieee754": {
      "version": "1.2.1",
      "funding": [
        {
          "type": "github",
          "url": "https://github.com/sponsors/feross"
        },
        {
          "type": "patreon",
          "url": "https://www.patreon.com/feross"
        },
        {
          "type": "consulting",
          "url": "https://feross.org/support"
        }
      ],
      "license": "BSD-3-Clause"
    },
    "node_modules/inherits": {
      "version": "2.0.4",
      "license": "ISC"
    },
    "node_modules/inline-style-parser": {
      "version": "0.1.1",
      "license": "MIT"
    },
    "node_modules/invariant": {
      "version": "2.2.4",
      "license": "MIT",
      "dependencies": {
        "loose-envify": "^1.0.0"
      }
    },
    "node_modules/is-alphabetical": {
      "version": "1.0.4",
      "license": "MIT",
      "funding": {
        "type": "github",
        "url": "https://github.com/sponsors/wooorm"
      }
    },
    "node_modules/is-alphanumerical": {
      "version": "1.0.4",
      "license": "MIT",
      "dependencies": {
        "is-alphabetical": "^1.0.0",
        "is-decimal": "^1.0.0"
      },
      "funding": {
        "type": "github",
        "url": "https://github.com/sponsors/wooorm"
      }
    },
    "node_modules/is-buffer": {
      "version": "2.0.5",
      "funding": [
        {
          "type": "github",
          "url": "https://github.com/sponsors/feross"
        },
        {
          "type": "patreon",
          "url": "https://www.patreon.com/feross"
        },
        {
          "type": "consulting",
          "url": "https://feross.org/support"
        }
      ],
      "license": "MIT",
      "engines": {
        "node": ">=4"
      }
    },
    "node_modules/is-decimal": {
      "version": "1.0.4",
      "license": "MIT",
      "funding": {
        "type": "github",
        "url": "https://github.com/sponsors/wooorm"
      }
    },
    "node_modules/is-hexadecimal": {
      "version": "1.0.4",
      "license": "MIT",
      "funding": {
        "type": "github",
        "url": "https://github.com/sponsors/wooorm"
      }
    },
    "node_modules/is-plain-obj": {
      "version": "2.1.0",
      "license": "MIT",
      "engines": {
        "node": ">=8"
      }
    },
    "node_modules/is-whitespace-character": {
      "version": "1.0.4",
      "license": "MIT",
      "funding": {
        "type": "github",
        "url": "https://github.com/sponsors/wooorm"
      }
    },
    "node_modules/is-word-character": {
      "version": "1.0.4",
      "license": "MIT",
      "funding": {
        "type": "github",
        "url": "https://github.com/sponsors/wooorm"
      }
    },
    "node_modules/js-tokens": {
      "version": "4.0.0",
      "license": "MIT"
    },
    "node_modules/json-bigint": {
      "version": "1.0.0",
      "license": "MIT",
      "dependencies": {
        "bignumber.js": "^9.0.0"
      }
    },
    "node_modules/lodash": {
      "version": "4.17.21",
      "license": "MIT"
    },
    "node_modules/lodash.get": {
      "version": "4.4.2",
      "license": "MIT"
    },
    "node_modules/lodash.isequal": {
      "version": "4.5.0",
      "license": "MIT"
    },
    "node_modules/loose-envify": {
      "version": "1.4.0",
      "license": "MIT",
      "dependencies": {
        "js-tokens": "^3.0.0 || ^4.0.0"
      },
      "bin": {
        "loose-envify": "cli.js"
      }
    },
    "node_modules/markdown-escapes": {
      "version": "1.0.4",
      "license": "MIT",
      "funding": {
        "type": "github",
        "url": "https://github.com/sponsors/wooorm"
      }
    },
    "node_modules/mdast-util-definitions": {
      "version": "4.0.0",
      "license": "MIT",
      "dependencies": {
        "unist-util-visit": "^2.0.0"
      },
      "funding": {
        "type": "opencollective",
        "url": "https://opencollective.com/unified"
      }
    },
    "node_modules/mdast-util-to-hast": {
      "version": "10.2.0",
      "license": "MIT",
      "dependencies": {
        "@types/mdast": "^3.0.0",
        "@types/unist": "^2.0.0",
        "mdast-util-definitions": "^4.0.0",
        "mdurl": "^1.0.0",
        "unist-builder": "^2.0.0",
        "unist-util-generated": "^1.0.0",
        "unist-util-position": "^3.0.0",
        "unist-util-visit": "^2.0.0"
      },
      "funding": {
        "type": "opencollective",
        "url": "https://opencollective.com/unified"
      }
    },
    "node_modules/mdurl": {
      "version": "1.0.1",
      "license": "MIT"
    },
    "node_modules/memoize-one": {
      "version": "5.2.1",
      "license": "MIT"
    },
    "node_modules/node-emoji": {
      "version": "1.11.0",
      "license": "MIT",
      "dependencies": {
        "lodash": "^4.17.21"
      }
    },
    "node_modules/numeral": {
      "version": "2.0.6",
      "license": "MIT",
      "engines": {
        "node": "*"
      }
    },
    "node_modules/object-assign": {
      "version": "4.1.1",
      "license": "MIT",
      "engines": {
        "node": ">=0.10.0"
      }
    },
    "node_modules/parse-entities": {
      "version": "2.0.0",
      "license": "MIT",
      "dependencies": {
        "character-entities": "^1.0.0",
        "character-entities-legacy": "^1.0.0",
        "character-reference-invalid": "^1.0.0",
        "is-alphanumerical": "^1.0.0",
        "is-decimal": "^1.0.0",
        "is-hexadecimal": "^1.0.0"
      },
      "funding": {
        "type": "github",
        "url": "https://github.com/sponsors/wooorm"
      }
    },
    "node_modules/parse5": {
      "version": "6.0.1",
      "license": "MIT"
    },
    "node_modules/prismjs": {
      "version": "1.30.0",
      "resolved": "https://registry.npmjs.org/prismjs/-/prismjs-1.30.0.tgz",
      "integrity": "sha512-DEvV2ZF2r2/63V+tK8hQvrR2ZGn10srHbXviTlcv7Kpzw8jWiNTqbVgjO3IY8RxrrOUF8VPMQQFysYYYv0YZxw==",
      "license": "MIT",
      "engines": {
        "node": ">=6"
      }
    },
    "node_modules/prop-types": {
      "version": "15.8.1",
      "license": "MIT",
      "dependencies": {
        "loose-envify": "^1.4.0",
        "object-assign": "^4.1.1",
        "react-is": "^16.13.1"
      }
    },
    "node_modules/property-information": {
      "version": "5.6.0",
      "license": "MIT",
      "dependencies": {
        "xtend": "^4.0.0"
      },
      "funding": {
        "type": "github",
        "url": "https://github.com/sponsors/wooorm"
      }
    },
    "node_modules/querystringify": {
      "version": "2.2.0",
      "license": "MIT"
    },
    "node_modules/raf-schd": {
      "version": "4.0.3",
      "license": "MIT"
    },
    "node_modules/react": {
      "version": "17.0.2",
      "license": "MIT",
      "dependencies": {
        "loose-envify": "^1.1.0",
        "object-assign": "^4.1.1"
      },
      "engines": {
        "node": ">=0.10.0"
      }
    },
    "node_modules/react-ace": {
      "version": "7.0.5",
      "license": "MIT",
      "dependencies": {
        "brace": "^0.11.1",
        "diff-match-patch": "^1.0.4",
        "lodash.get": "^4.4.2",
        "lodash.isequal": "^4.5.0",
        "prop-types": "^15.7.2"
      },
      "peerDependencies": {
        "react": "^0.13.0 || ^0.14.0 || ^15.0.1 || ^16.0.0",
        "react-dom": "^0.13.0 || ^0.14.0 || ^15.0.1 || ^16.0.0"
      }
    },
    "node_modules/react-beautiful-dnd": {
      "version": "13.1.1",
      "license": "Apache-2.0",
      "dependencies": {
        "@babel/runtime": "^7.9.2",
        "css-box-model": "^1.2.0",
        "memoize-one": "^5.1.1",
        "raf-schd": "^4.0.2",
        "react-redux": "^7.2.0",
        "redux": "^4.0.4",
        "use-memo-one": "^1.1.1"
      },
      "peerDependencies": {
        "react": "^16.8.5 || ^17.0.0 || ^18.0.0",
        "react-dom": "^16.8.5 || ^17.0.0 || ^18.0.0"
      }
    },
    "node_modules/react-clientside-effect": {
      "version": "1.2.6",
      "license": "MIT",
      "dependencies": {
        "@babel/runtime": "^7.12.13"
      },
      "peerDependencies": {
        "react": "^15.3.0 || ^16.0.0 || ^17.0.0 || ^18.0.0"
      }
    },
    "node_modules/react-dom": {
      "version": "17.0.2",
      "license": "MIT",
      "dependencies": {
        "loose-envify": "^1.1.0",
        "object-assign": "^4.1.1",
        "scheduler": "^0.20.2"
      },
      "peerDependencies": {
        "react": "17.0.2"
      }
    },
    "node_modules/react-dropzone": {
      "version": "11.7.1",
      "license": "MIT",
      "dependencies": {
        "attr-accept": "^2.2.2",
        "file-selector": "^0.4.0",
        "prop-types": "^15.8.1"
      },
      "engines": {
        "node": ">= 10.13"
      },
      "peerDependencies": {
        "react": ">= 16.8"
      }
    },
    "node_modules/react-focus-lock": {
      "version": "2.9.4",
      "license": "MIT",
      "dependencies": {
        "@babel/runtime": "^7.0.0",
        "focus-lock": "^0.11.6",
        "prop-types": "^15.6.2",
        "react-clientside-effect": "^1.2.6",
        "use-callback-ref": "^1.3.0",
        "use-sidecar": "^1.1.2"
      },
      "peerDependencies": {
        "@types/react": "^16.8.0 || ^17.0.0 || ^18.0.0",
        "react": "^16.8.0 || ^17.0.0 || ^18.0.0"
      },
      "peerDependenciesMeta": {
        "@types/react": {
          "optional": true
        }
      }
    },
    "node_modules/react-focus-on": {
      "version": "3.8.0",
      "license": "MIT",
      "dependencies": {
        "aria-hidden": "^1.2.2",
        "react-focus-lock": "^2.9.2",
        "react-remove-scroll": "^2.5.5",
        "react-style-singleton": "^2.2.0",
        "tslib": "^2.3.1",
        "use-callback-ref": "^1.3.0",
        "use-sidecar": "^1.1.2"
      },
      "engines": {
        "node": ">=8.5.0"
      },
      "peerDependencies": {
        "@types/react": "^16.8.0 || ^17.0.0 || ^18.0.0",
        "react": "^16.8.0 || ^17.0.0 || ^18.0.0"
      },
      "peerDependenciesMeta": {
        "@types/react": {
          "optional": true
        }
      }
    },
    "node_modules/react-input-autosize": {
      "version": "2.2.2",
      "license": "MIT",
      "dependencies": {
        "prop-types": "^15.5.8"
      },
      "peerDependencies": {
        "react": "^0.14.9 || ^15.3.0 || ^16.0.0-rc || ^16.0"
      }
    },
    "node_modules/react-is": {
      "version": "16.13.1",
      "license": "MIT"
    },
    "node_modules/react-redux": {
      "version": "7.2.9",
      "license": "MIT",
      "dependencies": {
        "@babel/runtime": "^7.15.4",
        "@types/react-redux": "^7.1.20",
        "hoist-non-react-statics": "^3.3.2",
        "loose-envify": "^1.4.0",
        "prop-types": "^15.7.2",
        "react-is": "^17.0.2"
      },
      "peerDependencies": {
        "react": "^16.8.3 || ^17 || ^18"
      },
      "peerDependenciesMeta": {
        "react-dom": {
          "optional": true
        },
        "react-native": {
          "optional": true
        }
      }
    },
    "node_modules/react-redux/node_modules/react-is": {
      "version": "17.0.2",
      "license": "MIT"
    },
    "node_modules/react-remove-scroll": {
      "version": "2.5.5",
      "license": "MIT",
      "dependencies": {
        "react-remove-scroll-bar": "^2.3.3",
        "react-style-singleton": "^2.2.1",
        "tslib": "^2.1.0",
        "use-callback-ref": "^1.3.0",
        "use-sidecar": "^1.1.2"
      },
      "engines": {
        "node": ">=10"
      },
      "peerDependencies": {
        "@types/react": "^16.8.0 || ^17.0.0 || ^18.0.0",
        "react": "^16.8.0 || ^17.0.0 || ^18.0.0"
      },
      "peerDependenciesMeta": {
        "@types/react": {
          "optional": true
        }
      }
    },
    "node_modules/react-remove-scroll-bar": {
      "version": "2.3.4",
      "license": "MIT",
      "dependencies": {
        "react-style-singleton": "^2.2.1",
        "tslib": "^2.0.0"
      },
      "engines": {
        "node": ">=10"
      },
      "peerDependencies": {
        "@types/react": "^16.8.0 || ^17.0.0 || ^18.0.0",
        "react": "^16.8.0 || ^17.0.0 || ^18.0.0"
      },
      "peerDependenciesMeta": {
        "@types/react": {
          "optional": true
        }
      }
    },
    "node_modules/react-style-singleton": {
      "version": "2.2.1",
      "license": "MIT",
      "dependencies": {
        "get-nonce": "^1.0.0",
        "invariant": "^2.2.4",
        "tslib": "^2.0.0"
      },
      "engines": {
        "node": ">=10"
      },
      "peerDependencies": {
        "@types/react": "^16.8.0 || ^17.0.0 || ^18.0.0",
        "react": "^16.8.0 || ^17.0.0 || ^18.0.0"
      },
      "peerDependenciesMeta": {
        "@types/react": {
          "optional": true
        }
      }
    },
    "node_modules/react-virtualized-auto-sizer": {
      "version": "1.0.15",
      "license": "MIT",
      "peerDependencies": {
        "react": "^15.3.0 || ^16.0.0-alpha || ^17.0.0 || ^18.0.0-rc",
        "react-dom": "^15.3.0 || ^16.0.0-alpha || ^17.0.0 || ^18.0.0-rc"
      }
    },
    "node_modules/react-window": {
      "version": "1.8.9",
      "license": "MIT",
      "dependencies": {
        "@babel/runtime": "^7.0.0",
        "memoize-one": ">=3.1.1 <6"
      },
      "engines": {
        "node": ">8.0.0"
      },
      "peerDependencies": {
        "react": "^15.0.0 || ^16.0.0 || ^17.0.0 || ^18.0.0",
        "react-dom": "^15.0.0 || ^16.0.0 || ^17.0.0 || ^18.0.0"
      }
    },
    "node_modules/redisinsight-plugin-sdk": {
      "version": "1.1.0",
      "license": "MIT"
    },
    "node_modules/redux": {
      "version": "4.2.1",
      "license": "MIT",
      "dependencies": {
        "@babel/runtime": "^7.9.2"
      }
    },
    "node_modules/refractor": {
      "version": "3.6.0",
      "license": "MIT",
      "dependencies": {
        "hastscript": "^6.0.0",
        "parse-entities": "^2.0.0",
        "prismjs": "~1.27.0"
      },
      "funding": {
        "type": "github",
        "url": "https://github.com/sponsors/wooorm"
      }
    },
    "node_modules/regenerator-runtime": {
      "version": "0.13.11",
      "license": "MIT"
    },
    "node_modules/rehype-raw": {
      "version": "5.1.0",
      "license": "MIT",
      "dependencies": {
        "hast-util-raw": "^6.1.0"
      },
      "funding": {
        "type": "opencollective",
        "url": "https://opencollective.com/unified"
      }
    },
    "node_modules/rehype-react": {
      "version": "6.2.1",
      "license": "MIT",
      "dependencies": {
        "@mapbox/hast-util-table-cell-style": "^0.2.0",
        "hast-to-hyperscript": "^9.0.0"
      },
      "funding": {
        "type": "opencollective",
        "url": "https://opencollective.com/unified"
      }
    },
    "node_modules/rehype-stringify": {
      "version": "8.0.0",
      "license": "MIT",
      "dependencies": {
        "hast-util-to-html": "^7.1.1"
      },
      "funding": {
        "type": "opencollective",
        "url": "https://opencollective.com/unified"
      }
    },
    "node_modules/remark-emoji": {
      "version": "2.2.0",
      "license": "MIT",
      "dependencies": {
        "emoticon": "^3.2.0",
        "node-emoji": "^1.10.0",
        "unist-util-visit": "^2.0.3"
      }
    },
    "node_modules/remark-parse": {
      "version": "8.0.3",
      "license": "MIT",
      "dependencies": {
        "ccount": "^1.0.0",
        "collapse-white-space": "^1.0.2",
        "is-alphabetical": "^1.0.0",
        "is-decimal": "^1.0.0",
        "is-whitespace-character": "^1.0.0",
        "is-word-character": "^1.0.0",
        "markdown-escapes": "^1.0.0",
        "parse-entities": "^2.0.0",
        "repeat-string": "^1.5.4",
        "state-toggle": "^1.0.0",
        "trim": "0.0.1",
        "trim-trailing-lines": "^1.0.0",
        "unherit": "^1.0.4",
        "unist-util-remove-position": "^2.0.0",
        "vfile-location": "^3.0.0",
        "xtend": "^4.0.1"
      },
      "funding": {
        "type": "opencollective",
        "url": "https://opencollective.com/unified"
      }
    },
    "node_modules/remark-rehype": {
      "version": "8.1.0",
      "license": "MIT",
      "dependencies": {
        "mdast-util-to-hast": "^10.2.0"
      },
      "funding": {
        "type": "opencollective",
        "url": "https://opencollective.com/unified"
      }
    },
    "node_modules/repeat-string": {
      "version": "1.6.1",
      "license": "MIT",
      "engines": {
        "node": ">=0.10"
      }
    },
    "node_modules/requires-port": {
      "version": "1.0.0",
      "license": "MIT"
    },
    "node_modules/scheduler": {
      "version": "0.20.2",
      "license": "MIT",
      "dependencies": {
        "loose-envify": "^1.1.0",
        "object-assign": "^4.1.1"
      }
    },
    "node_modules/space-separated-tokens": {
      "version": "1.1.5",
      "license": "MIT",
      "funding": {
        "type": "github",
        "url": "https://github.com/sponsors/wooorm"
      }
    },
    "node_modules/state-toggle": {
      "version": "1.0.3",
      "license": "MIT",
      "funding": {
        "type": "github",
        "url": "https://github.com/sponsors/wooorm"
      }
    },
    "node_modules/stringify-entities": {
      "version": "3.1.0",
      "license": "MIT",
      "dependencies": {
        "character-entities-html4": "^1.0.0",
        "character-entities-legacy": "^1.0.0",
        "xtend": "^4.0.0"
      },
      "funding": {
        "type": "github",
        "url": "https://github.com/sponsors/wooorm"
      }
    },
    "node_modules/style-to-object": {
      "version": "0.3.0",
      "license": "MIT",
      "dependencies": {
        "inline-style-parser": "0.1.1"
      }
    },
    "node_modules/tabbable": {
      "version": "3.1.2",
      "license": "MIT"
    },
    "node_modules/text-diff": {
      "version": "1.0.1",
      "license": "Apache-2.0"
    },
    "node_modules/tiny-invariant": {
      "version": "1.3.1",
      "license": "MIT"
    },
    "node_modules/trim": {
      "version": "0.0.3"
    },
    "node_modules/trim-trailing-lines": {
      "version": "1.1.4",
      "license": "MIT",
      "funding": {
        "type": "github",
        "url": "https://github.com/sponsors/wooorm"
      }
    },
    "node_modules/trough": {
      "version": "1.0.5",
      "license": "MIT",
      "funding": {
        "type": "github",
        "url": "https://github.com/sponsors/wooorm"
      }
    },
    "node_modules/tslib": {
      "version": "2.5.0",
      "license": "0BSD"
    },
    "node_modules/unherit": {
      "version": "1.1.3",
      "license": "MIT",
      "dependencies": {
        "inherits": "^2.0.0",
        "xtend": "^4.0.0"
      },
      "funding": {
        "type": "github",
        "url": "https://github.com/sponsors/wooorm"
      }
    },
    "node_modules/unified": {
      "version": "9.2.2",
      "license": "MIT",
      "dependencies": {
        "bail": "^1.0.0",
        "extend": "^3.0.0",
        "is-buffer": "^2.0.0",
        "is-plain-obj": "^2.0.0",
        "trough": "^1.0.0",
        "vfile": "^4.0.0"
      },
      "funding": {
        "type": "opencollective",
        "url": "https://opencollective.com/unified"
      }
    },
    "node_modules/unist-builder": {
      "version": "2.0.3",
      "license": "MIT",
      "funding": {
        "type": "opencollective",
        "url": "https://opencollective.com/unified"
      }
    },
    "node_modules/unist-util-generated": {
      "version": "1.1.6",
      "license": "MIT",
      "funding": {
        "type": "opencollective",
        "url": "https://opencollective.com/unified"
      }
    },
    "node_modules/unist-util-is": {
      "version": "4.1.0",
      "license": "MIT",
      "funding": {
        "type": "opencollective",
        "url": "https://opencollective.com/unified"
      }
    },
    "node_modules/unist-util-position": {
      "version": "3.1.0",
      "license": "MIT",
      "funding": {
        "type": "opencollective",
        "url": "https://opencollective.com/unified"
      }
    },
    "node_modules/unist-util-remove-position": {
      "version": "2.0.1",
      "license": "MIT",
      "dependencies": {
        "unist-util-visit": "^2.0.0"
      },
      "funding": {
        "type": "opencollective",
        "url": "https://opencollective.com/unified"
      }
    },
    "node_modules/unist-util-stringify-position": {
      "version": "2.0.3",
      "license": "MIT",
      "dependencies": {
        "@types/unist": "^2.0.2"
      },
      "funding": {
        "type": "opencollective",
        "url": "https://opencollective.com/unified"
      }
    },
    "node_modules/unist-util-visit": {
      "version": "2.0.3",
      "license": "MIT",
      "dependencies": {
        "@types/unist": "^2.0.0",
        "unist-util-is": "^4.0.0",
        "unist-util-visit-parents": "^3.0.0"
      },
      "funding": {
        "type": "opencollective",
        "url": "https://opencollective.com/unified"
      }
    },
    "node_modules/unist-util-visit-parents": {
      "version": "3.1.1",
      "license": "MIT",
      "dependencies": {
        "@types/unist": "^2.0.0",
        "unist-util-is": "^4.0.0"
      },
      "funding": {
        "type": "opencollective",
        "url": "https://opencollective.com/unified"
      }
    },
    "node_modules/url-parse": {
      "version": "1.5.10",
      "license": "MIT",
      "dependencies": {
        "querystringify": "^2.1.1",
        "requires-port": "^1.0.0"
      }
    },
    "node_modules/use-callback-ref": {
      "version": "1.3.0",
      "license": "MIT",
      "dependencies": {
        "tslib": "^2.0.0"
      },
      "engines": {
        "node": ">=10"
      },
      "peerDependencies": {
        "@types/react": "^16.8.0 || ^17.0.0 || ^18.0.0",
        "react": "^16.8.0 || ^17.0.0 || ^18.0.0"
      },
      "peerDependenciesMeta": {
        "@types/react": {
          "optional": true
        }
      }
    },
    "node_modules/use-memo-one": {
      "version": "1.1.3",
      "license": "MIT",
      "peerDependencies": {
        "react": "^16.8.0 || ^17.0.0 || ^18.0.0"
      }
    },
    "node_modules/use-sidecar": {
      "version": "1.1.2",
      "license": "MIT",
      "dependencies": {
        "detect-node-es": "^1.1.0",
        "tslib": "^2.0.0"
      },
      "engines": {
        "node": ">=10"
      },
      "peerDependencies": {
        "@types/react": "^16.9.0 || ^17.0.0 || ^18.0.0",
        "react": "^16.8.0 || ^17.0.0 || ^18.0.0"
      },
      "peerDependenciesMeta": {
        "@types/react": {
          "optional": true
        }
      }
    },
    "node_modules/uuid": {
      "version": "8.3.2",
      "license": "MIT",
      "bin": {
        "uuid": "dist/bin/uuid"
      }
    },
    "node_modules/vfile": {
      "version": "4.2.1",
      "license": "MIT",
      "dependencies": {
        "@types/unist": "^2.0.0",
        "is-buffer": "^2.0.0",
        "unist-util-stringify-position": "^2.0.0",
        "vfile-message": "^2.0.0"
      },
      "funding": {
        "type": "opencollective",
        "url": "https://opencollective.com/unified"
      }
    },
    "node_modules/vfile-location": {
      "version": "3.2.0",
      "license": "MIT",
      "funding": {
        "type": "opencollective",
        "url": "https://opencollective.com/unified"
      }
    },
    "node_modules/vfile-message": {
      "version": "3.1.4",
      "license": "MIT",
      "dependencies": {
        "@types/unist": "^2.0.0",
        "unist-util-stringify-position": "^3.0.0"
      },
      "funding": {
        "type": "opencollective",
        "url": "https://opencollective.com/unified"
      }
    },
    "node_modules/vfile-message/node_modules/unist-util-stringify-position": {
      "version": "3.0.3",
      "license": "MIT",
      "dependencies": {
        "@types/unist": "^2.0.0"
      },
      "funding": {
        "type": "opencollective",
        "url": "https://opencollective.com/unified"
      }
    },
    "node_modules/vfile/node_modules/vfile-message": {
      "version": "2.0.4",
      "license": "MIT",
      "dependencies": {
        "@types/unist": "^2.0.0",
        "unist-util-stringify-position": "^2.0.0"
      },
      "funding": {
        "type": "opencollective",
        "url": "https://opencollective.com/unified"
      }
    },
    "node_modules/vite": {
      "resolved": "../node_modules/vite",
      "link": true
    },
    "node_modules/web-namespaces": {
      "version": "1.1.4",
      "license": "MIT",
      "funding": {
        "type": "github",
        "url": "https://github.com/sponsors/wooorm"
      }
    },
    "node_modules/xtend": {
      "version": "4.0.2",
      "license": "MIT",
      "engines": {
        "node": ">=0.4"
      }
    },
    "node_modules/zwitch": {
      "version": "1.0.5",
      "license": "MIT",
      "funding": {
        "type": "github",
        "url": "https://github.com/sponsors/wooorm"
      }
    }
  }
}
